// !$*UTF8*$!
{
	archiveVersion = 1;
	classes = {
	};
	objectVersion = 56;
	objects = {

/* Begin PBXBuildFile section */
		12097CB829A555D100977A8A /* FeedUIComposer.swift in Sources */ = {isa = PBXBuildFile; fileRef = 12097CB729A555D100977A8A /* FeedUIComposer.swift */; };
		121E44FD29B12DB500144E46 /* FeedPresenter.swift in Sources */ = {isa = PBXBuildFile; fileRef = 121E44FC29B12DB500144E46 /* FeedPresenter.swift */; };
		122BE0A1296ABC0000543592 /* RemoteFeedItem.swift in Sources */ = {isa = PBXBuildFile; fileRef = 122BE0A0296ABC0000543592 /* RemoteFeedItem.swift */; };
		122BE0A3296ABC6400543592 /* LocalFeedImage.swift in Sources */ = {isa = PBXBuildFile; fileRef = 122BE0A2296ABC6400543592 /* LocalFeedImage.swift */; };
		12325B352989906800D7154B /* FeedStoreSpecs.swift in Sources */ = {isa = PBXBuildFile; fileRef = 12325B342989906800D7154B /* FeedStoreSpecs.swift */; };
		12325B37298993F800D7154B /* XCTestCase+FeedStoreSpecs.swift in Sources */ = {isa = PBXBuildFile; fileRef = 12325B36298993F800D7154B /* XCTestCase+FeedStoreSpecs.swift */; };
		1234285429D2A3A300CCCC8B /* FeedViewControllerTests+Localization.swift in Sources */ = {isa = PBXBuildFile; fileRef = 1234285329D2A3A300CCCC8B /* FeedViewControllerTests+Localization.swift */; };
		1234285629D2A4F600CCCC8B /* FeedViewControllerTests+FeedLoaderSpy.swift in Sources */ = {isa = PBXBuildFile; fileRef = 1234285529D2A4F600CCCC8B /* FeedViewControllerTests+FeedLoaderSpy.swift */; };
		1234285829D2A5B700CCCC8B /* FeedViewControllerTests+Assertions.swift in Sources */ = {isa = PBXBuildFile; fileRef = 1234285729D2A5B700CCCC8B /* FeedViewControllerTests+Assertions.swift */; };
		1234285A29D2AA8E00CCCC8B /* FeedViewController+TestHelpers.swift in Sources */ = {isa = PBXBuildFile; fileRef = 1234285929D2AA8E00CCCC8B /* FeedViewController+TestHelpers.swift */; };
		1234285C29D2AB6500CCCC8B /* FeedImageCell+TestHelpers.swift in Sources */ = {isa = PBXBuildFile; fileRef = 1234285B29D2AB6500CCCC8B /* FeedImageCell+TestHelpers.swift */; };
		12361E3D299F7024003F7586 /* FeedImageDataLoader.swift in Sources */ = {isa = PBXBuildFile; fileRef = 12361E3C299F7024003F7586 /* FeedImageDataLoader.swift */; };
		12454854299BCFAD00FB378F /* UIView+Shimmering.swift in Sources */ = {isa = PBXBuildFile; fileRef = 12454853299BCFAD00FB378F /* UIView+Shimmering.swift */; };
		124AD6F32954C130002DF438 /* HTTPClient.swift in Sources */ = {isa = PBXBuildFile; fileRef = 124AD6F22954C130002DF438 /* HTTPClient.swift */; };
		124AD6F52954C168002DF438 /* FeedItemsMapper.swift in Sources */ = {isa = PBXBuildFile; fileRef = 124AD6F42954C168002DF438 /* FeedItemsMapper.swift */; };
		125660EC29B4C9FF00421224 /* FeedImagePresenter.swift in Sources */ = {isa = PBXBuildFile; fileRef = 125660EB29B4C9FF00421224 /* FeedImagePresenter.swift */; };
		125660EE29B76A8F00421224 /* FeedLoadingViewModel.swift in Sources */ = {isa = PBXBuildFile; fileRef = 125660ED29B76A8F00421224 /* FeedLoadingViewModel.swift */; };
		1259F82B29D92B00001BDC02 /* MainQueueDispatchDecorator.swift in Sources */ = {isa = PBXBuildFile; fileRef = 1259F82A29D92B00001BDC02 /* MainQueueDispatchDecorator.swift */; };
		1259F82D29D92B7A001BDC02 /* WeakRefVirtualProxy.swift in Sources */ = {isa = PBXBuildFile; fileRef = 1259F82C29D92B7A001BDC02 /* WeakRefVirtualProxy.swift */; };
		1259F82F29D92C2F001BDC02 /* FeedImageDataLoaderPresentationAdapter.swift in Sources */ = {isa = PBXBuildFile; fileRef = 1259F82E29D92C2F001BDC02 /* FeedImageDataLoaderPresentationAdapter.swift */; };
		125F8D962966ED1E007E2E89 /* LocalFeedLoader.swift in Sources */ = {isa = PBXBuildFile; fileRef = 125F8D952966ED1E007E2E89 /* LocalFeedLoader.swift */; };
		125F8D982966F851007E2E89 /* FeedStore.swift in Sources */ = {isa = PBXBuildFile; fileRef = 125F8D972966F851007E2E89 /* FeedStore.swift */; };
		126B77F629587FAC00CF0DF0 /* URLSessionHTTPClientTests.swift in Sources */ = {isa = PBXBuildFile; fileRef = 126B77F529587FAC00CF0DF0 /* URLSessionHTTPClientTests.swift */; };
		127499EE2998EACC002ABD47 /* FeedImageCell.swift in Sources */ = {isa = PBXBuildFile; fileRef = 127499ED2998EACC002ABD47 /* FeedImageCell.swift */; };
		127782FA295C845A003475EA /* XCTTestCase+MemoryLeakTracking.swift in Sources */ = {isa = PBXBuildFile; fileRef = 127782F9295C845A003475EA /* XCTTestCase+MemoryLeakTracking.swift */; };
		127BD4162979C05100A94EB1 /* FeedCachePolicy.swift in Sources */ = {isa = PBXBuildFile; fileRef = 127BD4152979C05100A94EB1 /* FeedCachePolicy.swift */; };
		1295F02429BE48D000924BA0 /* FeedViewModel.swift in Sources */ = {isa = PBXBuildFile; fileRef = 1295F02329BE48D000924BA0 /* FeedViewModel.swift */; };
		129811E529D4698700CD16E5 /* Feed.strings in Resources */ = {isa = PBXBuildFile; fileRef = 129811E729D4698700CD16E5 /* Feed.strings */; };
		129811ED29D46C6700CD16E5 /* FeedLocalizationTests.swift in Sources */ = {isa = PBXBuildFile; fileRef = 129811EC29D46C6700CD16E5 /* FeedLocalizationTests.swift */; };
		129A4D242960985900278DDD /* EssentialFeedAPIEndToEndTests.swift in Sources */ = {isa = PBXBuildFile; fileRef = 129A4D232960985900278DDD /* EssentialFeedAPIEndToEndTests.swift */; };
		129A4D252960985900278DDD /* EssentialFeed.framework in Frameworks */ = {isa = PBXBuildFile; fileRef = 12C6CC21294751560093CADF /* EssentialFeed.framework */; };
		129A4D2B2960BF7600278DDD /* XCTTestCase+MemoryLeakTracking.swift in Sources */ = {isa = PBXBuildFile; fileRef = 127782F9295C845A003475EA /* XCTTestCase+MemoryLeakTracking.swift */; };
		12A168F8298C1E6C00E6EB38 /* CoreDataFeedStoreTests.swift in Sources */ = {isa = PBXBuildFile; fileRef = 12A168F7298C1E6C00E6EB38 /* CoreDataFeedStoreTests.swift */; };
		12A168FB298E895700E6EB38 /* FeedStore.xcdatamodeld in Sources */ = {isa = PBXBuildFile; fileRef = 12A168F9298E895600E6EB38 /* FeedStore.xcdatamodeld */; };
		12A168FD298E8C8900E6EB38 /* CoreDataFeedStore.swift in Sources */ = {isa = PBXBuildFile; fileRef = 12A168FC298E8C8900E6EB38 /* CoreDataFeedStore.swift */; };
		12A16902298EA0A500E6EB38 /* CoreDataHelpers.swift in Sources */ = {isa = PBXBuildFile; fileRef = 12A16901298EA0A500E6EB38 /* CoreDataHelpers.swift */; };
		12A16904298EA54100E6EB38 /* ManagedCache.swift in Sources */ = {isa = PBXBuildFile; fileRef = 12A16903298EA54100E6EB38 /* ManagedCache.swift */; };
		12A16906298EA54A00E6EB38 /* ManagedFeedImage.swift in Sources */ = {isa = PBXBuildFile; fileRef = 12A16905298EA54A00E6EB38 /* ManagedFeedImage.swift */; };
		12A1690E298ED16F00E6EB38 /* EssentialFeedCacheIntegrationTests.swift in Sources */ = {isa = PBXBuildFile; fileRef = 12A1690D298ED16F00E6EB38 /* EssentialFeedCacheIntegrationTests.swift */; };
		12A1690F298ED16F00E6EB38 /* EssentialFeed.framework in Frameworks */ = {isa = PBXBuildFile; fileRef = 12C6CC21294751560093CADF /* EssentialFeed.framework */; };
		12A16915298ED45700E6EB38 /* XCTTestCase+MemoryLeakTracking.swift in Sources */ = {isa = PBXBuildFile; fileRef = 127782F9295C845A003475EA /* XCTTestCase+MemoryLeakTracking.swift */; };
		12A16916298EDB9900E6EB38 /* FeedCacheTestHelpers.swift in Sources */ = {isa = PBXBuildFile; fileRef = 12C6EC9D2976DD56009DD789 /* FeedCacheTestHelpers.swift */; };
		12A16918298EDD6900E6EB38 /* SharedTestHelpers.swift in Sources */ = {isa = PBXBuildFile; fileRef = 12C6EC9F2976DE39009DD789 /* SharedTestHelpers.swift */; };
		12A77DEB295F116B00963444 /* URLSessionHTTPClient.swift in Sources */ = {isa = PBXBuildFile; fileRef = 12A77DEA295F116B00963444 /* URLSessionHTTPClient.swift */; };
		12B35047296F521C00701C8A /* FeedStoreSpy.swift in Sources */ = {isa = PBXBuildFile; fileRef = 12B35046296F521B00701C8A /* FeedStoreSpy.swift */; };
		12B5D07129A3A1E200E4B2CF /* FeedImageCellController.swift in Sources */ = {isa = PBXBuildFile; fileRef = 12B5D07029A3A1E200E4B2CF /* FeedImageCellController.swift */; };
		12BA7B3C296560700086A9B1 /* CacheFeedUseCaseTests.swift in Sources */ = {isa = PBXBuildFile; fileRef = 12BA7B3B296560700086A9B1 /* CacheFeedUseCaseTests.swift */; };
		12C6CC2A294751560093CADF /* EssentialFeed.framework in Frameworks */ = {isa = PBXBuildFile; fileRef = 12C6CC21294751560093CADF /* EssentialFeed.framework */; };
		12C6CC3A294751A10093CADF /* FeedImage.swift in Sources */ = {isa = PBXBuildFile; fileRef = 12C6CC39294751A10093CADF /* FeedImage.swift */; };
		12C6CC3C294759490093CADF /* FeedLoader.swift in Sources */ = {isa = PBXBuildFile; fileRef = 12C6CC3B294759490093CADF /* FeedLoader.swift */; };
		12C6CC3F294787200093CADF /* LoadFeedFromRemoteUseCaseTests.swift in Sources */ = {isa = PBXBuildFile; fileRef = 12C6CC3E294787200093CADF /* LoadFeedFromRemoteUseCaseTests.swift */; };
		12C6EC9C2976C46B009DD789 /* ValidateFeedCacheUseCaseTests.swift in Sources */ = {isa = PBXBuildFile; fileRef = 12C6EC9B2976C46B009DD789 /* ValidateFeedCacheUseCaseTests.swift */; };
		12C6EC9E2976DD56009DD789 /* FeedCacheTestHelpers.swift in Sources */ = {isa = PBXBuildFile; fileRef = 12C6EC9D2976DD56009DD789 /* FeedCacheTestHelpers.swift */; };
		12C6ECA02976DE39009DD789 /* SharedTestHelpers.swift in Sources */ = {isa = PBXBuildFile; fileRef = 12C6EC9F2976DE39009DD789 /* SharedTestHelpers.swift */; };
		12CB054029489F9B00FD622B /* RemoteFeedLoader.swift in Sources */ = {isa = PBXBuildFile; fileRef = 12CB053F29489F9B00FD622B /* RemoteFeedLoader.swift */; };
		12D1CEF029BF86480003464C /* Feed.storyboard in Resources */ = {isa = PBXBuildFile; fileRef = 12D1CEEF29BF86480003464C /* Feed.storyboard */; };
		12D1CEF229BF86FB0003464C /* Feed.xcassets in Resources */ = {isa = PBXBuildFile; fileRef = 12D1CEF129BF86FB0003464C /* Feed.xcassets */; };
		12DE318929D057A4007FB5AB /* UITableView+Dequeueing.swift in Sources */ = {isa = PBXBuildFile; fileRef = 12DE318829D057A4007FB5AB /* UITableView+Dequeueing.swift */; };
		12DE318B29D05A3C007FB5AB /* UIImageView+Animations.swift in Sources */ = {isa = PBXBuildFile; fileRef = 12DE318A29D05A3C007FB5AB /* UIImageView+Animations.swift */; };
		12EC3E292984065C00C3948D /* CodableFeedStore.swift in Sources */ = {isa = PBXBuildFile; fileRef = 12EC3E282984065C00C3948D /* CodableFeedStore.swift */; };
		12EEE5FF29AD0DCF0013314C /* FeedImageViewModel.swift in Sources */ = {isa = PBXBuildFile; fileRef = 12EEE5FE29AD0DCF0013314C /* FeedImageViewModel.swift */; };
		12F3CEF52994342100ACFB72 /* EssentialFeediOS.framework in Frameworks */ = {isa = PBXBuildFile; fileRef = 12F3CEED2994342000ACFB72 /* EssentialFeediOS.framework */; };
		12F567B0297D3CEB00290345 /* CodableFeedStoreTests.swift in Sources */ = {isa = PBXBuildFile; fileRef = 12F567AF297D3CEB00290345 /* CodableFeedStoreTests.swift */; };
		12FE2D60296DBEA300BE2B4F /* LoadFeedFromCacheUseCaseTests.swift in Sources */ = {isa = PBXBuildFile; fileRef = 12FE2D5F296DBEA300BE2B4F /* LoadFeedFromCacheUseCaseTests.swift */; };
		12FFA5172997B25D00B66A67 /* FeedUIIntegrationTests.swift in Sources */ = {isa = PBXBuildFile; fileRef = 12FFA5162997B25D00B66A67 /* FeedUIIntegrationTests.swift */; };
		12FFA5192997C45800B66A67 /* EssentialFeed.framework in Frameworks */ = {isa = PBXBuildFile; fileRef = 12C6CC21294751560093CADF /* EssentialFeed.framework */; platformFilter = ios; };
		12FFA51A2997C45800B66A67 /* EssentialFeed.framework in Embed Frameworks */ = {isa = PBXBuildFile; fileRef = 12C6CC21294751560093CADF /* EssentialFeed.framework */; platformFilter = ios; settings = {ATTRIBUTES = (CodeSignOnCopy, RemoveHeadersOnCopy, ); }; };
		12FFA51F2997CB9A00B66A67 /* XCTTestCase+MemoryLeakTracking.swift in Sources */ = {isa = PBXBuildFile; fileRef = 127782F9295C845A003475EA /* XCTTestCase+MemoryLeakTracking.swift */; };
		12FFA5212998052300B66A67 /* FeedViewController.swift in Sources */ = {isa = PBXBuildFile; fileRef = 12FFA5202998052300B66A67 /* FeedViewController.swift */; };
/* End PBXBuildFile section */

/* Begin PBXContainerItemProxy section */
		129A4D262960985900278DDD /* PBXContainerItemProxy */ = {
			isa = PBXContainerItemProxy;
			containerPortal = 12C6CC18294751560093CADF /* Project object */;
			proxyType = 1;
			remoteGlobalIDString = 12C6CC20294751560093CADF;
			remoteInfo = EssentialFeed;
		};
		12A16910298ED16F00E6EB38 /* PBXContainerItemProxy */ = {
			isa = PBXContainerItemProxy;
			containerPortal = 12C6CC18294751560093CADF /* Project object */;
			proxyType = 1;
			remoteGlobalIDString = 12C6CC20294751560093CADF;
			remoteInfo = EssentialFeed;
		};
		12C6CC2B294751560093CADF /* PBXContainerItemProxy */ = {
			isa = PBXContainerItemProxy;
			containerPortal = 12C6CC18294751560093CADF /* Project object */;
			proxyType = 1;
			remoteGlobalIDString = 12C6CC20294751560093CADF;
			remoteInfo = EssentialFeed;
		};
		12F3CEF62994342100ACFB72 /* PBXContainerItemProxy */ = {
			isa = PBXContainerItemProxy;
			containerPortal = 12C6CC18294751560093CADF /* Project object */;
			proxyType = 1;
			remoteGlobalIDString = 12F3CEEC2994342000ACFB72;
			remoteInfo = EssentialFeediOS;
		};
		12FFA51B2997C45800B66A67 /* PBXContainerItemProxy */ = {
			isa = PBXContainerItemProxy;
			containerPortal = 12C6CC18294751560093CADF /* Project object */;
			proxyType = 1;
			remoteGlobalIDString = 12C6CC20294751560093CADF;
			remoteInfo = EssentialFeed;
		};
/* End PBXContainerItemProxy section */

/* Begin PBXCopyFilesBuildPhase section */
		12FFA51D2997C45800B66A67 /* Embed Frameworks */ = {
			isa = PBXCopyFilesBuildPhase;
			buildActionMask = 2147483647;
			dstPath = "";
			dstSubfolderSpec = 10;
			files = (
				12FFA51A2997C45800B66A67 /* EssentialFeed.framework in Embed Frameworks */,
			);
			name = "Embed Frameworks";
			runOnlyForDeploymentPostprocessing = 0;
		};
/* End PBXCopyFilesBuildPhase section */

/* Begin PBXFileReference section */
		12097CB729A555D100977A8A /* FeedUIComposer.swift */ = {isa = PBXFileReference; lastKnownFileType = sourcecode.swift; path = FeedUIComposer.swift; sourceTree = "<group>"; };
		121E44FC29B12DB500144E46 /* FeedPresenter.swift */ = {isa = PBXFileReference; lastKnownFileType = sourcecode.swift; path = FeedPresenter.swift; sourceTree = "<group>"; };
		122BE0A0296ABC0000543592 /* RemoteFeedItem.swift */ = {isa = PBXFileReference; lastKnownFileType = sourcecode.swift; path = RemoteFeedItem.swift; sourceTree = "<group>"; };
		122BE0A2296ABC6400543592 /* LocalFeedImage.swift */ = {isa = PBXFileReference; lastKnownFileType = sourcecode.swift; path = LocalFeedImage.swift; sourceTree = "<group>"; };
		12325B342989906800D7154B /* FeedStoreSpecs.swift */ = {isa = PBXFileReference; lastKnownFileType = sourcecode.swift; path = FeedStoreSpecs.swift; sourceTree = "<group>"; };
		12325B36298993F800D7154B /* XCTestCase+FeedStoreSpecs.swift */ = {isa = PBXFileReference; lastKnownFileType = sourcecode.swift; path = "XCTestCase+FeedStoreSpecs.swift"; sourceTree = "<group>"; };
		1234285329D2A3A300CCCC8B /* FeedViewControllerTests+Localization.swift */ = {isa = PBXFileReference; lastKnownFileType = sourcecode.swift; path = "FeedViewControllerTests+Localization.swift"; sourceTree = "<group>"; };
		1234285529D2A4F600CCCC8B /* FeedViewControllerTests+FeedLoaderSpy.swift */ = {isa = PBXFileReference; lastKnownFileType = sourcecode.swift; path = "FeedViewControllerTests+FeedLoaderSpy.swift"; sourceTree = "<group>"; };
		1234285729D2A5B700CCCC8B /* FeedViewControllerTests+Assertions.swift */ = {isa = PBXFileReference; lastKnownFileType = sourcecode.swift; path = "FeedViewControllerTests+Assertions.swift"; sourceTree = "<group>"; };
		1234285929D2AA8E00CCCC8B /* FeedViewController+TestHelpers.swift */ = {isa = PBXFileReference; lastKnownFileType = sourcecode.swift; path = "FeedViewController+TestHelpers.swift"; sourceTree = "<group>"; };
		1234285B29D2AB6500CCCC8B /* FeedImageCell+TestHelpers.swift */ = {isa = PBXFileReference; lastKnownFileType = sourcecode.swift; path = "FeedImageCell+TestHelpers.swift"; sourceTree = "<group>"; };
		12361E3C299F7024003F7586 /* FeedImageDataLoader.swift */ = {isa = PBXFileReference; lastKnownFileType = sourcecode.swift; path = FeedImageDataLoader.swift; sourceTree = "<group>"; };
		12454853299BCFAD00FB378F /* UIView+Shimmering.swift */ = {isa = PBXFileReference; lastKnownFileType = sourcecode.swift; path = "UIView+Shimmering.swift"; sourceTree = "<group>"; };
		124AD6F22954C130002DF438 /* HTTPClient.swift */ = {isa = PBXFileReference; lastKnownFileType = sourcecode.swift; path = HTTPClient.swift; sourceTree = "<group>"; };
		124AD6F42954C168002DF438 /* FeedItemsMapper.swift */ = {isa = PBXFileReference; lastKnownFileType = sourcecode.swift; path = FeedItemsMapper.swift; sourceTree = "<group>"; };
		125660EB29B4C9FF00421224 /* FeedImagePresenter.swift */ = {isa = PBXFileReference; lastKnownFileType = sourcecode.swift; path = FeedImagePresenter.swift; sourceTree = "<group>"; };
		125660ED29B76A8F00421224 /* FeedLoadingViewModel.swift */ = {isa = PBXFileReference; lastKnownFileType = sourcecode.swift; path = FeedLoadingViewModel.swift; sourceTree = "<group>"; };
		1259F82A29D92B00001BDC02 /* MainQueueDispatchDecorator.swift */ = {isa = PBXFileReference; lastKnownFileType = sourcecode.swift; path = MainQueueDispatchDecorator.swift; sourceTree = "<group>"; };
		1259F82C29D92B7A001BDC02 /* WeakRefVirtualProxy.swift */ = {isa = PBXFileReference; lastKnownFileType = sourcecode.swift; path = WeakRefVirtualProxy.swift; sourceTree = "<group>"; };
		1259F82E29D92C2F001BDC02 /* FeedImageDataLoaderPresentationAdapter.swift */ = {isa = PBXFileReference; lastKnownFileType = sourcecode.swift; path = FeedImageDataLoaderPresentationAdapter.swift; sourceTree = "<group>"; };
		125F8D952966ED1E007E2E89 /* LocalFeedLoader.swift */ = {isa = PBXFileReference; lastKnownFileType = sourcecode.swift; path = LocalFeedLoader.swift; sourceTree = "<group>"; };
		125F8D972966F851007E2E89 /* FeedStore.swift */ = {isa = PBXFileReference; lastKnownFileType = sourcecode.swift; path = FeedStore.swift; sourceTree = "<group>"; };
		126B77F529587FAC00CF0DF0 /* URLSessionHTTPClientTests.swift */ = {isa = PBXFileReference; lastKnownFileType = sourcecode.swift; path = URLSessionHTTPClientTests.swift; sourceTree = "<group>"; };
		127499ED2998EACC002ABD47 /* FeedImageCell.swift */ = {isa = PBXFileReference; lastKnownFileType = sourcecode.swift; path = FeedImageCell.swift; sourceTree = "<group>"; };
		127782F9295C845A003475EA /* XCTTestCase+MemoryLeakTracking.swift */ = {isa = PBXFileReference; lastKnownFileType = sourcecode.swift; path = "XCTTestCase+MemoryLeakTracking.swift"; sourceTree = "<group>"; };
		127BD4152979C05100A94EB1 /* FeedCachePolicy.swift */ = {isa = PBXFileReference; lastKnownFileType = sourcecode.swift; path = FeedCachePolicy.swift; sourceTree = "<group>"; };
		1295F02329BE48D000924BA0 /* FeedViewModel.swift */ = {isa = PBXFileReference; lastKnownFileType = sourcecode.swift; path = FeedViewModel.swift; sourceTree = "<group>"; };
		129811E629D4698700CD16E5 /* en */ = {isa = PBXFileReference; lastKnownFileType = text.plist.strings; name = en; path = en.lproj/Feed.strings; sourceTree = "<group>"; };
		129811E829D469E000CD16E5 /* tr */ = {isa = PBXFileReference; lastKnownFileType = text.plist.strings; name = tr; path = tr.lproj/Feed.strings; sourceTree = "<group>"; };
		129811E929D469FC00CD16E5 /* pt-BR */ = {isa = PBXFileReference; lastKnownFileType = text.plist.strings; name = "pt-BR"; path = "pt-BR.lproj/Feed.strings"; sourceTree = "<group>"; };
		129811EA29D46AAB00CD16E5 /* el */ = {isa = PBXFileReference; lastKnownFileType = text.plist.strings; name = el; path = el.lproj/Feed.strings; sourceTree = "<group>"; };
		129811EC29D46C6700CD16E5 /* FeedLocalizationTests.swift */ = {isa = PBXFileReference; lastKnownFileType = sourcecode.swift; path = FeedLocalizationTests.swift; sourceTree = "<group>"; };
		129A4D212960985900278DDD /* EssentialFeedAPIEndToEndTests.xctest */ = {isa = PBXFileReference; explicitFileType = wrapper.cfbundle; includeInIndex = 0; path = EssentialFeedAPIEndToEndTests.xctest; sourceTree = BUILT_PRODUCTS_DIR; };
		129A4D232960985900278DDD /* EssentialFeedAPIEndToEndTests.swift */ = {isa = PBXFileReference; lastKnownFileType = sourcecode.swift; path = EssentialFeedAPIEndToEndTests.swift; sourceTree = "<group>"; };
		12A168F7298C1E6C00E6EB38 /* CoreDataFeedStoreTests.swift */ = {isa = PBXFileReference; lastKnownFileType = sourcecode.swift; path = CoreDataFeedStoreTests.swift; sourceTree = "<group>"; };
		12A168FA298E895700E6EB38 /* FeedStore.xcdatamodel */ = {isa = PBXFileReference; lastKnownFileType = wrapper.xcdatamodel; path = FeedStore.xcdatamodel; sourceTree = "<group>"; };
		12A168FC298E8C8900E6EB38 /* CoreDataFeedStore.swift */ = {isa = PBXFileReference; lastKnownFileType = sourcecode.swift; path = CoreDataFeedStore.swift; sourceTree = "<group>"; };
		12A16901298EA0A500E6EB38 /* CoreDataHelpers.swift */ = {isa = PBXFileReference; lastKnownFileType = sourcecode.swift; path = CoreDataHelpers.swift; sourceTree = "<group>"; };
		12A16903298EA54100E6EB38 /* ManagedCache.swift */ = {isa = PBXFileReference; lastKnownFileType = sourcecode.swift; path = ManagedCache.swift; sourceTree = "<group>"; };
		12A16905298EA54A00E6EB38 /* ManagedFeedImage.swift */ = {isa = PBXFileReference; lastKnownFileType = sourcecode.swift; path = ManagedFeedImage.swift; sourceTree = "<group>"; };
		12A1690B298ED16F00E6EB38 /* EssentialFeedCacheIntegrationTests.xctest */ = {isa = PBXFileReference; explicitFileType = wrapper.cfbundle; includeInIndex = 0; path = EssentialFeedCacheIntegrationTests.xctest; sourceTree = BUILT_PRODUCTS_DIR; };
		12A1690D298ED16F00E6EB38 /* EssentialFeedCacheIntegrationTests.swift */ = {isa = PBXFileReference; lastKnownFileType = sourcecode.swift; path = EssentialFeedCacheIntegrationTests.swift; sourceTree = "<group>"; };
		12A77DEA295F116B00963444 /* URLSessionHTTPClient.swift */ = {isa = PBXFileReference; lastKnownFileType = sourcecode.swift; path = URLSessionHTTPClient.swift; sourceTree = "<group>"; };
		12B35046296F521B00701C8A /* FeedStoreSpy.swift */ = {isa = PBXFileReference; lastKnownFileType = sourcecode.swift; path = FeedStoreSpy.swift; sourceTree = "<group>"; };
		12B5D07029A3A1E200E4B2CF /* FeedImageCellController.swift */ = {isa = PBXFileReference; lastKnownFileType = sourcecode.swift; path = FeedImageCellController.swift; sourceTree = "<group>"; };
		12BA7B3B296560700086A9B1 /* CacheFeedUseCaseTests.swift */ = {isa = PBXFileReference; lastKnownFileType = sourcecode.swift; path = CacheFeedUseCaseTests.swift; sourceTree = "<group>"; };
		12C6CC21294751560093CADF /* EssentialFeed.framework */ = {isa = PBXFileReference; explicitFileType = wrapper.framework; includeInIndex = 0; path = EssentialFeed.framework; sourceTree = BUILT_PRODUCTS_DIR; };
		12C6CC29294751560093CADF /* EssentialFeedTests.xctest */ = {isa = PBXFileReference; explicitFileType = wrapper.cfbundle; includeInIndex = 0; path = EssentialFeedTests.xctest; sourceTree = BUILT_PRODUCTS_DIR; };
		12C6CC39294751A10093CADF /* FeedImage.swift */ = {isa = PBXFileReference; lastKnownFileType = sourcecode.swift; path = FeedImage.swift; sourceTree = "<group>"; };
		12C6CC3B294759490093CADF /* FeedLoader.swift */ = {isa = PBXFileReference; lastKnownFileType = sourcecode.swift; path = FeedLoader.swift; sourceTree = "<group>"; };
		12C6CC3E294787200093CADF /* LoadFeedFromRemoteUseCaseTests.swift */ = {isa = PBXFileReference; lastKnownFileType = sourcecode.swift; path = LoadFeedFromRemoteUseCaseTests.swift; sourceTree = "<group>"; };
		12C6EC9B2976C46B009DD789 /* ValidateFeedCacheUseCaseTests.swift */ = {isa = PBXFileReference; lastKnownFileType = sourcecode.swift; path = ValidateFeedCacheUseCaseTests.swift; sourceTree = "<group>"; };
		12C6EC9D2976DD56009DD789 /* FeedCacheTestHelpers.swift */ = {isa = PBXFileReference; lastKnownFileType = sourcecode.swift; path = FeedCacheTestHelpers.swift; sourceTree = "<group>"; };
		12C6EC9F2976DE39009DD789 /* SharedTestHelpers.swift */ = {isa = PBXFileReference; lastKnownFileType = sourcecode.swift; path = SharedTestHelpers.swift; sourceTree = "<group>"; };
		12CB053F29489F9B00FD622B /* RemoteFeedLoader.swift */ = {isa = PBXFileReference; lastKnownFileType = sourcecode.swift; path = RemoteFeedLoader.swift; sourceTree = "<group>"; };
		12D1CEEF29BF86480003464C /* Feed.storyboard */ = {isa = PBXFileReference; lastKnownFileType = file.storyboard; path = Feed.storyboard; sourceTree = "<group>"; };
		12D1CEF129BF86FB0003464C /* Feed.xcassets */ = {isa = PBXFileReference; lastKnownFileType = folder.assetcatalog; path = Feed.xcassets; sourceTree = "<group>"; };
		12DE318829D057A4007FB5AB /* UITableView+Dequeueing.swift */ = {isa = PBXFileReference; lastKnownFileType = sourcecode.swift; path = "UITableView+Dequeueing.swift"; sourceTree = "<group>"; };
		12DE318A29D05A3C007FB5AB /* UIImageView+Animations.swift */ = {isa = PBXFileReference; lastKnownFileType = sourcecode.swift; path = "UIImageView+Animations.swift"; sourceTree = "<group>"; };
		12EC3E282984065C00C3948D /* CodableFeedStore.swift */ = {isa = PBXFileReference; lastKnownFileType = sourcecode.swift; path = CodableFeedStore.swift; sourceTree = "<group>"; };
		12EEE5FE29AD0DCF0013314C /* FeedImageViewModel.swift */ = {isa = PBXFileReference; lastKnownFileType = sourcecode.swift; path = FeedImageViewModel.swift; sourceTree = "<group>"; };
		12F3CEED2994342000ACFB72 /* EssentialFeediOS.framework */ = {isa = PBXFileReference; explicitFileType = wrapper.framework; includeInIndex = 0; path = EssentialFeediOS.framework; sourceTree = BUILT_PRODUCTS_DIR; };
		12F3CEF42994342000ACFB72 /* EssentialFeediOSTests.xctest */ = {isa = PBXFileReference; explicitFileType = wrapper.cfbundle; includeInIndex = 0; path = EssentialFeediOSTests.xctest; sourceTree = BUILT_PRODUCTS_DIR; };
		12F567AF297D3CEB00290345 /* CodableFeedStoreTests.swift */ = {isa = PBXFileReference; lastKnownFileType = sourcecode.swift; path = CodableFeedStoreTests.swift; sourceTree = "<group>"; };
		12FE2D5F296DBEA300BE2B4F /* LoadFeedFromCacheUseCaseTests.swift */ = {isa = PBXFileReference; lastKnownFileType = sourcecode.swift; path = LoadFeedFromCacheUseCaseTests.swift; sourceTree = "<group>"; };
		12FFA5162997B25D00B66A67 /* FeedUIIntegrationTests.swift */ = {isa = PBXFileReference; lastKnownFileType = sourcecode.swift; path = FeedUIIntegrationTests.swift; sourceTree = "<group>"; };
		12FFA5202998052300B66A67 /* FeedViewController.swift */ = {isa = PBXFileReference; lastKnownFileType = sourcecode.swift; path = FeedViewController.swift; sourceTree = "<group>"; };
/* End PBXFileReference section */

/* Begin PBXFrameworksBuildPhase section */
		129A4D1E2960985900278DDD /* Frameworks */ = {
			isa = PBXFrameworksBuildPhase;
			buildActionMask = 2147483647;
			files = (
				129A4D252960985900278DDD /* EssentialFeed.framework in Frameworks */,
			);
			runOnlyForDeploymentPostprocessing = 0;
		};
		12A16908298ED16F00E6EB38 /* Frameworks */ = {
			isa = PBXFrameworksBuildPhase;
			buildActionMask = 2147483647;
			files = (
				12A1690F298ED16F00E6EB38 /* EssentialFeed.framework in Frameworks */,
			);
			runOnlyForDeploymentPostprocessing = 0;
		};
		12C6CC1E294751560093CADF /* Frameworks */ = {
			isa = PBXFrameworksBuildPhase;
			buildActionMask = 2147483647;
			files = (
			);
			runOnlyForDeploymentPostprocessing = 0;
		};
		12C6CC26294751560093CADF /* Frameworks */ = {
			isa = PBXFrameworksBuildPhase;
			buildActionMask = 2147483647;
			files = (
				12C6CC2A294751560093CADF /* EssentialFeed.framework in Frameworks */,
			);
			runOnlyForDeploymentPostprocessing = 0;
		};
		12F3CEEA2994342000ACFB72 /* Frameworks */ = {
			isa = PBXFrameworksBuildPhase;
			buildActionMask = 2147483647;
			files = (
				12FFA5192997C45800B66A67 /* EssentialFeed.framework in Frameworks */,
			);
			runOnlyForDeploymentPostprocessing = 0;
		};
		12F3CEF12994342000ACFB72 /* Frameworks */ = {
			isa = PBXFrameworksBuildPhase;
			buildActionMask = 2147483647;
			files = (
				12F3CEF52994342100ACFB72 /* EssentialFeediOS.framework in Frameworks */,
			);
			runOnlyForDeploymentPostprocessing = 0;
		};
/* End PBXFrameworksBuildPhase section */

/* Begin PBXGroup section */
		12097CB629A555B800977A8A /* Composers */ = {
			isa = PBXGroup;
			children = (
				12097CB729A555D100977A8A /* FeedUIComposer.swift */,
				1259F82A29D92B00001BDC02 /* MainQueueDispatchDecorator.swift */,
				1259F82C29D92B7A001BDC02 /* WeakRefVirtualProxy.swift */,
				1259F82E29D92C2F001BDC02 /* FeedImageDataLoaderPresentationAdapter.swift */,
			);
			path = Composers;
			sourceTree = "<group>";
		};
		121EF12029AFDFE200082EFF /* Feed Presentation */ = {
			isa = PBXGroup;
			children = (
				12EEE5FE29AD0DCF0013314C /* FeedImageViewModel.swift */,
				121E44FC29B12DB500144E46 /* FeedPresenter.swift */,
				125660EB29B4C9FF00421224 /* FeedImagePresenter.swift */,
				125660ED29B76A8F00421224 /* FeedLoadingViewModel.swift */,
				1295F02329BE48D000924BA0 /* FeedViewModel.swift */,
				129811E729D4698700CD16E5 /* Feed.strings */,
			);
			path = "Feed Presentation";
			sourceTree = "<group>";
		};
		1220AB7929A22D2300E7F83E /* Feed UI */ = {
			isa = PBXGroup;
			children = (
				1220AB7A29A22D3B00E7F83E /* Helpers */,
				12FFA5162997B25D00B66A67 /* FeedUIIntegrationTests.swift */,
			);
			path = "Feed UI";
			sourceTree = "<group>";
		};
		1220AB7A29A22D3B00E7F83E /* Helpers */ = {
			isa = PBXGroup;
			children = (
				1234285329D2A3A300CCCC8B /* FeedViewControllerTests+Localization.swift */,
				1234285529D2A4F600CCCC8B /* FeedViewControllerTests+FeedLoaderSpy.swift */,
				1234285729D2A5B700CCCC8B /* FeedViewControllerTests+Assertions.swift */,
				1234285929D2AA8E00CCCC8B /* FeedViewController+TestHelpers.swift */,
				1234285B29D2AB6500CCCC8B /* FeedImageCell+TestHelpers.swift */,
			);
			path = Helpers;
			sourceTree = "<group>";
		};
		12361E38299F6FA0003F7586 /* Controllers */ = {
			isa = PBXGroup;
			children = (
				12FFA5202998052300B66A67 /* FeedViewController.swift */,
				12B5D07029A3A1E200E4B2CF /* FeedImageCellController.swift */,
			);
			path = Controllers;
			sourceTree = "<group>";
		};
		12361E39299F6FAF003F7586 /* Views */ = {
			isa = PBXGroup;
			children = (
				127499ED2998EACC002ABD47 /* FeedImageCell.swift */,
				12DE318829D057A4007FB5AB /* UITableView+Dequeueing.swift */,
				12454853299BCFAD00FB378F /* UIView+Shimmering.swift */,
				12DE318A29D05A3C007FB5AB /* UIImageView+Animations.swift */,
				12D1CEEF29BF86480003464C /* Feed.storyboard */,
				12D1CEF129BF86FB0003464C /* Feed.xcassets */,
			);
			path = Views;
			sourceTree = "<group>";
		};
		12361E3A299F6FC3003F7586 /* Feed UI */ = {
			isa = PBXGroup;
			children = (
				12097CB629A555B800977A8A /* Composers */,
				12361E38299F6FA0003F7586 /* Controllers */,
				12361E39299F6FAF003F7586 /* Views */,
			);
			path = "Feed UI";
			sourceTree = "<group>";
		};
		12361E3B299F6FFF003F7586 /* Feed Image Loader */ = {
			isa = PBXGroup;
			children = (
				12361E3C299F7024003F7586 /* FeedImageDataLoader.swift */,
			);
			path = "Feed Image Loader";
			sourceTree = "<group>";
		};
		124AD6F62954D49C002DF438 /* FeedAPI */ = {
			isa = PBXGroup;
			children = (
				12C6CC3E294787200093CADF /* LoadFeedFromRemoteUseCaseTests.swift */,
				126B77F529587FAC00CF0DF0 /* URLSessionHTTPClientTests.swift */,
			);
			path = FeedAPI;
			sourceTree = "<group>";
		};
		125F8D942966ED0B007E2E89 /* Feed Cache */ = {
			isa = PBXGroup;
			children = (
				12A168FE298E9EFC00E6EB38 /* Infrastructure */,
				125F8D952966ED1E007E2E89 /* LocalFeedLoader.swift */,
				125F8D972966F851007E2E89 /* FeedStore.swift */,
				122BE0A2296ABC6400543592 /* LocalFeedImage.swift */,
				127BD4152979C05100A94EB1 /* FeedCachePolicy.swift */,
			);
			path = "Feed Cache";
			sourceTree = "<group>";
		};
		127782F8295C8432003475EA /* Helpers */ = {
			isa = PBXGroup;
			children = (
				127782F9295C845A003475EA /* XCTTestCase+MemoryLeakTracking.swift */,
				12C6EC9F2976DE39009DD789 /* SharedTestHelpers.swift */,
			);
			path = Helpers;
			sourceTree = "<group>";
		};
		129811EB29D46C5500CD16E5 /* Feed Presentation */ = {
			isa = PBXGroup;
			children = (
				129811EC29D46C6700CD16E5 /* FeedLocalizationTests.swift */,
			);
			path = "Feed Presentation";
			sourceTree = "<group>";
		};
		129A4D222960985900278DDD /* EssentialFeedAPIEndToEndTests */ = {
			isa = PBXGroup;
			children = (
				129A4D232960985900278DDD /* EssentialFeedAPIEndToEndTests.swift */,
			);
			path = EssentialFeedAPIEndToEndTests;
			sourceTree = "<group>";
		};
		12A168FE298E9EFC00E6EB38 /* Infrastructure */ = {
			isa = PBXGroup;
			children = (
				12A16900298E9F1400E6EB38 /* Codable */,
				12A168FF298E9F0700E6EB38 /* CoreData */,
			);
			path = Infrastructure;
			sourceTree = "<group>";
		};
		12A168FF298E9F0700E6EB38 /* CoreData */ = {
			isa = PBXGroup;
			children = (
				12A168FC298E8C8900E6EB38 /* CoreDataFeedStore.swift */,
				12A168F9298E895600E6EB38 /* FeedStore.xcdatamodeld */,
				12A16901298EA0A500E6EB38 /* CoreDataHelpers.swift */,
				12A16903298EA54100E6EB38 /* ManagedCache.swift */,
				12A16905298EA54A00E6EB38 /* ManagedFeedImage.swift */,
			);
			path = CoreData;
			sourceTree = "<group>";
		};
		12A16900298E9F1400E6EB38 /* Codable */ = {
			isa = PBXGroup;
			children = (
				12EC3E282984065C00C3948D /* CodableFeedStore.swift */,
			);
			path = Codable;
			sourceTree = "<group>";
		};
		12A1690C298ED16F00E6EB38 /* EssentialFeedCacheIntegrationTests */ = {
			isa = PBXGroup;
			children = (
				12A1690D298ED16F00E6EB38 /* EssentialFeedCacheIntegrationTests.swift */,
			);
			path = EssentialFeedCacheIntegrationTests;
			sourceTree = "<group>";
		};
		12B35045296F51FF00701C8A /* Helpers */ = {
			isa = PBXGroup;
			children = (
				12B35046296F521B00701C8A /* FeedStoreSpy.swift */,
				12C6EC9D2976DD56009DD789 /* FeedCacheTestHelpers.swift */,
			);
			path = Helpers;
			sourceTree = "<group>";
		};
		12BA7B3A2965602D0086A9B1 /* FeedCache */ = {
			isa = PBXGroup;
			children = (
				12B35045296F51FF00701C8A /* Helpers */,
				12BA7B3B296560700086A9B1 /* CacheFeedUseCaseTests.swift */,
				12FE2D5F296DBEA300BE2B4F /* LoadFeedFromCacheUseCaseTests.swift */,
				12C6EC9B2976C46B009DD789 /* ValidateFeedCacheUseCaseTests.swift */,
				12F567AF297D3CEB00290345 /* CodableFeedStoreTests.swift */,
				12325B342989906800D7154B /* FeedStoreSpecs.swift */,
				12325B36298993F800D7154B /* XCTestCase+FeedStoreSpecs.swift */,
				12A168F7298C1E6C00E6EB38 /* CoreDataFeedStoreTests.swift */,
			);
			path = FeedCache;
			sourceTree = "<group>";
		};
		12C6CC17294751560093CADF = {
			isa = PBXGroup;
			children = (
				12C6CC23294751560093CADF /* EssentialFeed */,
				12C6CC2D294751560093CADF /* EssentialFeedTests */,
				129A4D222960985900278DDD /* EssentialFeedAPIEndToEndTests */,
				12A1690C298ED16F00E6EB38 /* EssentialFeedCacheIntegrationTests */,
				12F3CEEE2994342000ACFB72 /* EssentialFeediOS */,
				12F3CEF82994342100ACFB72 /* EssentialFeediOSTests */,
				12C6CC22294751560093CADF /* Products */,
				12FFA5182997C45800B66A67 /* Frameworks */,
			);
			sourceTree = "<group>";
		};
		12C6CC22294751560093CADF /* Products */ = {
			isa = PBXGroup;
			children = (
				12C6CC21294751560093CADF /* EssentialFeed.framework */,
				12C6CC29294751560093CADF /* EssentialFeedTests.xctest */,
				129A4D212960985900278DDD /* EssentialFeedAPIEndToEndTests.xctest */,
				12A1690B298ED16F00E6EB38 /* EssentialFeedCacheIntegrationTests.xctest */,
				12F3CEED2994342000ACFB72 /* EssentialFeediOS.framework */,
				12F3CEF42994342000ACFB72 /* EssentialFeediOSTests.xctest */,
			);
			name = Products;
			sourceTree = "<group>";
		};
		12C6CC23294751560093CADF /* EssentialFeed */ = {
			isa = PBXGroup;
			children = (
				125F8D942966ED0B007E2E89 /* Feed Cache */,
				12C6CC3D29475B5B0093CADF /* FeedFeature */,
				12CB053E29489F5F00FD622B /* FeedAPI */,
			);
			path = EssentialFeed;
			sourceTree = "<group>";
		};
		12C6CC2D294751560093CADF /* EssentialFeedTests */ = {
			isa = PBXGroup;
			children = (
				127782F8295C8432003475EA /* Helpers */,
				12BA7B3A2965602D0086A9B1 /* FeedCache */,
				124AD6F62954D49C002DF438 /* FeedAPI */,
			);
			path = EssentialFeedTests;
			sourceTree = "<group>";
		};
		12C6CC3D29475B5B0093CADF /* FeedFeature */ = {
			isa = PBXGroup;
			children = (
				12C6CC39294751A10093CADF /* FeedImage.swift */,
				12C6CC3B294759490093CADF /* FeedLoader.swift */,
			);
			path = FeedFeature;
			sourceTree = "<group>";
		};
		12CB053E29489F5F00FD622B /* FeedAPI */ = {
			isa = PBXGroup;
			children = (
				12CB053F29489F9B00FD622B /* RemoteFeedLoader.swift */,
				124AD6F22954C130002DF438 /* HTTPClient.swift */,
				124AD6F42954C168002DF438 /* FeedItemsMapper.swift */,
				122BE0A0296ABC0000543592 /* RemoteFeedItem.swift */,
				12A77DEA295F116B00963444 /* URLSessionHTTPClient.swift */,
			);
			path = FeedAPI;
			sourceTree = "<group>";
		};
		12F3CEEE2994342000ACFB72 /* EssentialFeediOS */ = {
			isa = PBXGroup;
			children = (
				121EF12029AFDFE200082EFF /* Feed Presentation */,
				12361E3B299F6FFF003F7586 /* Feed Image Loader */,
				12361E3A299F6FC3003F7586 /* Feed UI */,
			);
			path = EssentialFeediOS;
			sourceTree = "<group>";
		};
		12F3CEF82994342100ACFB72 /* EssentialFeediOSTests */ = {
			isa = PBXGroup;
			children = (
				129811EB29D46C5500CD16E5 /* Feed Presentation */,
				1220AB7929A22D2300E7F83E /* Feed UI */,
			);
			path = EssentialFeediOSTests;
			sourceTree = "<group>";
		};
		12FFA5182997C45800B66A67 /* Frameworks */ = {
			isa = PBXGroup;
			children = (
			);
			name = Frameworks;
			sourceTree = "<group>";
		};
/* End PBXGroup section */

/* Begin PBXHeadersBuildPhase section */
		12C6CC1C294751560093CADF /* Headers */ = {
			isa = PBXHeadersBuildPhase;
			buildActionMask = 2147483647;
			files = (
			);
			runOnlyForDeploymentPostprocessing = 0;
		};
		12F3CEE82994342000ACFB72 /* Headers */ = {
			isa = PBXHeadersBuildPhase;
			buildActionMask = 2147483647;
			files = (
			);
			runOnlyForDeploymentPostprocessing = 0;
		};
/* End PBXHeadersBuildPhase section */

/* Begin PBXNativeTarget section */
		129A4D202960985900278DDD /* EssentialFeedAPIEndToEndTests */ = {
			isa = PBXNativeTarget;
			buildConfigurationList = 129A4D2A2960985900278DDD /* Build configuration list for PBXNativeTarget "EssentialFeedAPIEndToEndTests" */;
			buildPhases = (
				129A4D1D2960985900278DDD /* Sources */,
				129A4D1E2960985900278DDD /* Frameworks */,
				129A4D1F2960985900278DDD /* Resources */,
			);
			buildRules = (
			);
			dependencies = (
				129A4D272960985900278DDD /* PBXTargetDependency */,
			);
			name = EssentialFeedAPIEndToEndTests;
			productName = EssentialFeedAPIEndToEndTests;
			productReference = 129A4D212960985900278DDD /* EssentialFeedAPIEndToEndTests.xctest */;
			productType = "com.apple.product-type.bundle.unit-test";
		};
		12A1690A298ED16F00E6EB38 /* EssentialFeedCacheIntegrationTests */ = {
			isa = PBXNativeTarget;
			buildConfigurationList = 12A16914298ED16F00E6EB38 /* Build configuration list for PBXNativeTarget "EssentialFeedCacheIntegrationTests" */;
			buildPhases = (
				12A16907298ED16F00E6EB38 /* Sources */,
				12A16908298ED16F00E6EB38 /* Frameworks */,
				12A16909298ED16F00E6EB38 /* Resources */,
			);
			buildRules = (
			);
			dependencies = (
				12A16911298ED16F00E6EB38 /* PBXTargetDependency */,
			);
			name = EssentialFeedCacheIntegrationTests;
			productName = EssentialFeedCacheIntegrationTests;
			productReference = 12A1690B298ED16F00E6EB38 /* EssentialFeedCacheIntegrationTests.xctest */;
			productType = "com.apple.product-type.bundle.unit-test";
		};
		12C6CC20294751560093CADF /* EssentialFeed */ = {
			isa = PBXNativeTarget;
			buildConfigurationList = 12C6CC33294751560093CADF /* Build configuration list for PBXNativeTarget "EssentialFeed" */;
			buildPhases = (
				12C6CC1C294751560093CADF /* Headers */,
				12C6CC1D294751560093CADF /* Sources */,
				12C6CC1E294751560093CADF /* Frameworks */,
				12C6CC1F294751560093CADF /* Resources */,
			);
			buildRules = (
			);
			dependencies = (
			);
			name = EssentialFeed;
			productName = EssentialFeed;
			productReference = 12C6CC21294751560093CADF /* EssentialFeed.framework */;
			productType = "com.apple.product-type.framework";
		};
		12C6CC28294751560093CADF /* EssentialFeedTests */ = {
			isa = PBXNativeTarget;
			buildConfigurationList = 12C6CC36294751560093CADF /* Build configuration list for PBXNativeTarget "EssentialFeedTests" */;
			buildPhases = (
				12C6CC25294751560093CADF /* Sources */,
				12C6CC26294751560093CADF /* Frameworks */,
				12C6CC27294751560093CADF /* Resources */,
			);
			buildRules = (
			);
			dependencies = (
				12C6CC2C294751560093CADF /* PBXTargetDependency */,
			);
			name = EssentialFeedTests;
			productName = EssentialFeedTests;
			productReference = 12C6CC29294751560093CADF /* EssentialFeedTests.xctest */;
			productType = "com.apple.product-type.bundle.unit-test";
		};
		12F3CEEC2994342000ACFB72 /* EssentialFeediOS */ = {
			isa = PBXNativeTarget;
			buildConfigurationList = 12F3CF002994342100ACFB72 /* Build configuration list for PBXNativeTarget "EssentialFeediOS" */;
			buildPhases = (
				12F3CEE82994342000ACFB72 /* Headers */,
				12F3CEE92994342000ACFB72 /* Sources */,
				12F3CEEA2994342000ACFB72 /* Frameworks */,
				12F3CEEB2994342000ACFB72 /* Resources */,
				12FFA51D2997C45800B66A67 /* Embed Frameworks */,
			);
			buildRules = (
			);
			dependencies = (
				12FFA51C2997C45800B66A67 /* PBXTargetDependency */,
			);
			name = EssentialFeediOS;
			productName = EssentialFeediOS;
			productReference = 12F3CEED2994342000ACFB72 /* EssentialFeediOS.framework */;
			productType = "com.apple.product-type.framework";
		};
		12F3CEF32994342000ACFB72 /* EssentialFeediOSTests */ = {
			isa = PBXNativeTarget;
			buildConfigurationList = 12F3CF012994342100ACFB72 /* Build configuration list for PBXNativeTarget "EssentialFeediOSTests" */;
			buildPhases = (
				12F3CEF02994342000ACFB72 /* Sources */,
				12F3CEF12994342000ACFB72 /* Frameworks */,
				12F3CEF22994342000ACFB72 /* Resources */,
			);
			buildRules = (
			);
			dependencies = (
				12F3CEF72994342100ACFB72 /* PBXTargetDependency */,
			);
			name = EssentialFeediOSTests;
			productName = EssentialFeediOSTests;
			productReference = 12F3CEF42994342000ACFB72 /* EssentialFeediOSTests.xctest */;
			productType = "com.apple.product-type.bundle.unit-test";
		};
/* End PBXNativeTarget section */

/* Begin PBXProject section */
		12C6CC18294751560093CADF /* Project object */ = {
			isa = PBXProject;
			attributes = {
				BuildIndependentTargetsInParallel = 1;
				LastSwiftUpdateCheck = 1420;
				LastUpgradeCheck = 1420;
				TargetAttributes = {
					129A4D202960985900278DDD = {
						CreatedOnToolsVersion = 14.2;
					};
					12A1690A298ED16F00E6EB38 = {
						CreatedOnToolsVersion = 14.2;
					};
					12C6CC20294751560093CADF = {
						CreatedOnToolsVersion = 14.1;
						LastSwiftMigration = 1410;
					};
					12C6CC28294751560093CADF = {
						CreatedOnToolsVersion = 14.1;
						LastSwiftMigration = 1410;
					};
					12F3CEEC2994342000ACFB72 = {
						CreatedOnToolsVersion = 14.2;
						LastSwiftMigration = 1420;
					};
					12F3CEF32994342000ACFB72 = {
						CreatedOnToolsVersion = 14.2;
						LastSwiftMigration = 1420;
					};
				};
			};
			buildConfigurationList = 12C6CC1B294751560093CADF /* Build configuration list for PBXProject "EssentialFeed" */;
			compatibilityVersion = "Xcode 14.0";
			developmentRegion = en;
			hasScannedForEncodings = 0;
			knownRegions = (
				en,
				Base,
				tr,
				"pt-BR",
				el,
			);
			mainGroup = 12C6CC17294751560093CADF;
			productRefGroup = 12C6CC22294751560093CADF /* Products */;
			projectDirPath = "";
			projectRoot = "";
			targets = (
				12C6CC20294751560093CADF /* EssentialFeed */,
				12C6CC28294751560093CADF /* EssentialFeedTests */,
				129A4D202960985900278DDD /* EssentialFeedAPIEndToEndTests */,
				12A1690A298ED16F00E6EB38 /* EssentialFeedCacheIntegrationTests */,
				12F3CEEC2994342000ACFB72 /* EssentialFeediOS */,
				12F3CEF32994342000ACFB72 /* EssentialFeediOSTests */,
			);
		};
/* End PBXProject section */

/* Begin PBXResourcesBuildPhase section */
		129A4D1F2960985900278DDD /* Resources */ = {
			isa = PBXResourcesBuildPhase;
			buildActionMask = 2147483647;
			files = (
			);
			runOnlyForDeploymentPostprocessing = 0;
		};
		12A16909298ED16F00E6EB38 /* Resources */ = {
			isa = PBXResourcesBuildPhase;
			buildActionMask = 2147483647;
			files = (
			);
			runOnlyForDeploymentPostprocessing = 0;
		};
		12C6CC1F294751560093CADF /* Resources */ = {
			isa = PBXResourcesBuildPhase;
			buildActionMask = 2147483647;
			files = (
			);
			runOnlyForDeploymentPostprocessing = 0;
		};
		12C6CC27294751560093CADF /* Resources */ = {
			isa = PBXResourcesBuildPhase;
			buildActionMask = 2147483647;
			files = (
			);
			runOnlyForDeploymentPostprocessing = 0;
		};
		12F3CEEB2994342000ACFB72 /* Resources */ = {
			isa = PBXResourcesBuildPhase;
			buildActionMask = 2147483647;
			files = (
				12D1CEF029BF86480003464C /* Feed.storyboard in Resources */,
				12D1CEF229BF86FB0003464C /* Feed.xcassets in Resources */,
				129811E529D4698700CD16E5 /* Feed.strings in Resources */,
			);
			runOnlyForDeploymentPostprocessing = 0;
		};
		12F3CEF22994342000ACFB72 /* Resources */ = {
			isa = PBXResourcesBuildPhase;
			buildActionMask = 2147483647;
			files = (
			);
			runOnlyForDeploymentPostprocessing = 0;
		};
/* End PBXResourcesBuildPhase section */

/* Begin PBXSourcesBuildPhase section */
		129A4D1D2960985900278DDD /* Sources */ = {
			isa = PBXSourcesBuildPhase;
			buildActionMask = 2147483647;
			files = (
				129A4D2B2960BF7600278DDD /* XCTTestCase+MemoryLeakTracking.swift in Sources */,
				129A4D242960985900278DDD /* EssentialFeedAPIEndToEndTests.swift in Sources */,
			);
			runOnlyForDeploymentPostprocessing = 0;
		};
		12A16907298ED16F00E6EB38 /* Sources */ = {
			isa = PBXSourcesBuildPhase;
			buildActionMask = 2147483647;
			files = (
				12A16918298EDD6900E6EB38 /* SharedTestHelpers.swift in Sources */,
				12A16915298ED45700E6EB38 /* XCTTestCase+MemoryLeakTracking.swift in Sources */,
				12A16916298EDB9900E6EB38 /* FeedCacheTestHelpers.swift in Sources */,
				12A1690E298ED16F00E6EB38 /* EssentialFeedCacheIntegrationTests.swift in Sources */,
			);
			runOnlyForDeploymentPostprocessing = 0;
		};
		12C6CC1D294751560093CADF /* Sources */ = {
			isa = PBXSourcesBuildPhase;
			buildActionMask = 2147483647;
			files = (
				12A16902298EA0A500E6EB38 /* CoreDataHelpers.swift in Sources */,
				12A168FB298E895700E6EB38 /* FeedStore.xcdatamodeld in Sources */,
				124AD6F52954C168002DF438 /* FeedItemsMapper.swift in Sources */,
				12C6CC3C294759490093CADF /* FeedLoader.swift in Sources */,
				122BE0A1296ABC0000543592 /* RemoteFeedItem.swift in Sources */,
				127BD4162979C05100A94EB1 /* FeedCachePolicy.swift in Sources */,
				12CB054029489F9B00FD622B /* RemoteFeedLoader.swift in Sources */,
				12A168FD298E8C8900E6EB38 /* CoreDataFeedStore.swift in Sources */,
				122BE0A3296ABC6400543592 /* LocalFeedImage.swift in Sources */,
				125F8D982966F851007E2E89 /* FeedStore.swift in Sources */,
				125F8D962966ED1E007E2E89 /* LocalFeedLoader.swift in Sources */,
				12EC3E292984065C00C3948D /* CodableFeedStore.swift in Sources */,
				124AD6F32954C130002DF438 /* HTTPClient.swift in Sources */,
				12C6CC3A294751A10093CADF /* FeedImage.swift in Sources */,
				12A16904298EA54100E6EB38 /* ManagedCache.swift in Sources */,
				12A77DEB295F116B00963444 /* URLSessionHTTPClient.swift in Sources */,
				12A16906298EA54A00E6EB38 /* ManagedFeedImage.swift in Sources */,
			);
			runOnlyForDeploymentPostprocessing = 0;
		};
		12C6CC25294751560093CADF /* Sources */ = {
			isa = PBXSourcesBuildPhase;
			buildActionMask = 2147483647;
			files = (
				12F567B0297D3CEB00290345 /* CodableFeedStoreTests.swift in Sources */,
				12A168F8298C1E6C00E6EB38 /* CoreDataFeedStoreTests.swift in Sources */,
				12325B37298993F800D7154B /* XCTestCase+FeedStoreSpecs.swift in Sources */,
				12C6EC9E2976DD56009DD789 /* FeedCacheTestHelpers.swift in Sources */,
				12C6EC9C2976C46B009DD789 /* ValidateFeedCacheUseCaseTests.swift in Sources */,
				12C6CC3F294787200093CADF /* LoadFeedFromRemoteUseCaseTests.swift in Sources */,
				126B77F629587FAC00CF0DF0 /* URLSessionHTTPClientTests.swift in Sources */,
				12B35047296F521C00701C8A /* FeedStoreSpy.swift in Sources */,
				12C6ECA02976DE39009DD789 /* SharedTestHelpers.swift in Sources */,
				12BA7B3C296560700086A9B1 /* CacheFeedUseCaseTests.swift in Sources */,
				12FE2D60296DBEA300BE2B4F /* LoadFeedFromCacheUseCaseTests.swift in Sources */,
				12325B352989906800D7154B /* FeedStoreSpecs.swift in Sources */,
				127782FA295C845A003475EA /* XCTTestCase+MemoryLeakTracking.swift in Sources */,
			);
			runOnlyForDeploymentPostprocessing = 0;
		};
		12F3CEE92994342000ACFB72 /* Sources */ = {
			isa = PBXSourcesBuildPhase;
			buildActionMask = 2147483647;
			files = (
				121E44FD29B12DB500144E46 /* FeedPresenter.swift in Sources */,
				12361E3D299F7024003F7586 /* FeedImageDataLoader.swift in Sources */,
				1295F02429BE48D000924BA0 /* FeedViewModel.swift in Sources */,
				125660EE29B76A8F00421224 /* FeedLoadingViewModel.swift in Sources */,
				12454854299BCFAD00FB378F /* UIView+Shimmering.swift in Sources */,
				125660EC29B4C9FF00421224 /* FeedImagePresenter.swift in Sources */,
				12FFA5212998052300B66A67 /* FeedViewController.swift in Sources */,
				1259F82D29D92B7A001BDC02 /* WeakRefVirtualProxy.swift in Sources */,
				12DE318B29D05A3C007FB5AB /* UIImageView+Animations.swift in Sources */,
				1259F82B29D92B00001BDC02 /* MainQueueDispatchDecorator.swift in Sources */,
				127499EE2998EACC002ABD47 /* FeedImageCell.swift in Sources */,
				12EEE5FF29AD0DCF0013314C /* FeedImageViewModel.swift in Sources */,
				1259F82F29D92C2F001BDC02 /* FeedImageDataLoaderPresentationAdapter.swift in Sources */,
				12B5D07129A3A1E200E4B2CF /* FeedImageCellController.swift in Sources */,
				12097CB829A555D100977A8A /* FeedUIComposer.swift in Sources */,
				12DE318929D057A4007FB5AB /* UITableView+Dequeueing.swift in Sources */,
			);
			runOnlyForDeploymentPostprocessing = 0;
		};
		12F3CEF02994342000ACFB72 /* Sources */ = {
			isa = PBXSourcesBuildPhase;
			buildActionMask = 2147483647;
			files = (
				12FFA51F2997CB9A00B66A67 /* XCTTestCase+MemoryLeakTracking.swift in Sources */,
				1234285829D2A5B700CCCC8B /* FeedViewControllerTests+Assertions.swift in Sources */,
				12FFA5172997B25D00B66A67 /* FeedUIIntegrationTests.swift in Sources */,
				1234285629D2A4F600CCCC8B /* FeedViewControllerTests+FeedLoaderSpy.swift in Sources */,
				1234285A29D2AA8E00CCCC8B /* FeedViewController+TestHelpers.swift in Sources */,
				1234285C29D2AB6500CCCC8B /* FeedImageCell+TestHelpers.swift in Sources */,
				129811ED29D46C6700CD16E5 /* FeedLocalizationTests.swift in Sources */,
				1234285429D2A3A300CCCC8B /* FeedViewControllerTests+Localization.swift in Sources */,
			);
			runOnlyForDeploymentPostprocessing = 0;
		};
/* End PBXSourcesBuildPhase section */

/* Begin PBXTargetDependency section */
		129A4D272960985900278DDD /* PBXTargetDependency */ = {
			isa = PBXTargetDependency;
			target = 12C6CC20294751560093CADF /* EssentialFeed */;
			targetProxy = 129A4D262960985900278DDD /* PBXContainerItemProxy */;
		};
		12A16911298ED16F00E6EB38 /* PBXTargetDependency */ = {
			isa = PBXTargetDependency;
			target = 12C6CC20294751560093CADF /* EssentialFeed */;
			targetProxy = 12A16910298ED16F00E6EB38 /* PBXContainerItemProxy */;
		};
		12C6CC2C294751560093CADF /* PBXTargetDependency */ = {
			isa = PBXTargetDependency;
			target = 12C6CC20294751560093CADF /* EssentialFeed */;
			targetProxy = 12C6CC2B294751560093CADF /* PBXContainerItemProxy */;
		};
		12F3CEF72994342100ACFB72 /* PBXTargetDependency */ = {
			isa = PBXTargetDependency;
			target = 12F3CEEC2994342000ACFB72 /* EssentialFeediOS */;
			targetProxy = 12F3CEF62994342100ACFB72 /* PBXContainerItemProxy */;
		};
		12FFA51C2997C45800B66A67 /* PBXTargetDependency */ = {
			isa = PBXTargetDependency;
			platformFilter = ios;
			target = 12C6CC20294751560093CADF /* EssentialFeed */;
			targetProxy = 12FFA51B2997C45800B66A67 /* PBXContainerItemProxy */;
		};
/* End PBXTargetDependency section */

/* Begin PBXVariantGroup section */
		129811E729D4698700CD16E5 /* Feed.strings */ = {
			isa = PBXVariantGroup;
			children = (
				129811E629D4698700CD16E5 /* en */,
				129811E829D469E000CD16E5 /* tr */,
				129811E929D469FC00CD16E5 /* pt-BR */,
				129811EA29D46AAB00CD16E5 /* el */,
			);
			name = Feed.strings;
			sourceTree = "<group>";
		};
/* End PBXVariantGroup section */

/* Begin XCBuildConfiguration section */
		129A4D282960985900278DDD /* Debug */ = {
			isa = XCBuildConfiguration;
			buildSettings = {
				CODE_SIGN_STYLE = Automatic;
				CURRENT_PROJECT_VERSION = 1;
				DEAD_CODE_STRIPPING = YES;
				DEVELOPMENT_TEAM = RPQ3VF2JBZ;
				GENERATE_INFOPLIST_FILE = YES;
				MARKETING_VERSION = 1.0;
				PRODUCT_BUNDLE_IDENTIFIER = com.mfsaglam.EssentialFeedAPIEndToEndTests;
				PRODUCT_NAME = "$(TARGET_NAME)";
				SUPPORTED_PLATFORMS = "macosx iphoneos iphonesimulator";
				SWIFT_EMIT_LOC_STRINGS = NO;
				SWIFT_VERSION = 5.0;
			};
			name = Debug;
		};
		129A4D292960985900278DDD /* Release */ = {
			isa = XCBuildConfiguration;
			buildSettings = {
				CODE_SIGN_STYLE = Automatic;
				CURRENT_PROJECT_VERSION = 1;
				DEAD_CODE_STRIPPING = YES;
				DEVELOPMENT_TEAM = RPQ3VF2JBZ;
				GENERATE_INFOPLIST_FILE = YES;
				MARKETING_VERSION = 1.0;
				PRODUCT_BUNDLE_IDENTIFIER = com.mfsaglam.EssentialFeedAPIEndToEndTests;
				PRODUCT_NAME = "$(TARGET_NAME)";
				SUPPORTED_PLATFORMS = "macosx iphoneos iphonesimulator";
				SWIFT_EMIT_LOC_STRINGS = NO;
				SWIFT_VERSION = 5.0;
			};
			name = Release;
		};
		12A16912298ED16F00E6EB38 /* Debug */ = {
			isa = XCBuildConfiguration;
			buildSettings = {
				CODE_SIGN_STYLE = Automatic;
				CURRENT_PROJECT_VERSION = 1;
				DEVELOPMENT_TEAM = RPQ3VF2JBZ;
				GENERATE_INFOPLIST_FILE = YES;
				MARKETING_VERSION = 1.0;
				PRODUCT_BUNDLE_IDENTIFIER = com.mfsaglam.EssentialFeedCacheIntegrationTests;
				PRODUCT_NAME = "$(TARGET_NAME)";
				SUPPORTED_PLATFORMS = "macosx iphoneos iphonesimulator";
				SWIFT_EMIT_LOC_STRINGS = NO;
				SWIFT_VERSION = 5.0;
			};
			name = Debug;
		};
		12A16913298ED16F00E6EB38 /* Release */ = {
			isa = XCBuildConfiguration;
			buildSettings = {
				CODE_SIGN_STYLE = Automatic;
				CURRENT_PROJECT_VERSION = 1;
				DEVELOPMENT_TEAM = RPQ3VF2JBZ;
				GENERATE_INFOPLIST_FILE = YES;
				MARKETING_VERSION = 1.0;
				PRODUCT_BUNDLE_IDENTIFIER = com.mfsaglam.EssentialFeedCacheIntegrationTests;
				PRODUCT_NAME = "$(TARGET_NAME)";
				SUPPORTED_PLATFORMS = "macosx iphoneos iphonesimulator";
				SWIFT_EMIT_LOC_STRINGS = NO;
				SWIFT_VERSION = 5.0;
			};
			name = Release;
		};
		12C6CC31294751560093CADF /* Debug */ = {
			isa = XCBuildConfiguration;
			buildSettings = {
				ALWAYS_SEARCH_USER_PATHS = NO;
				CLANG_ANALYZER_LOCALIZABILITY_NONLOCALIZED = YES;
				CLANG_ANALYZER_NONNULL = YES;
				CLANG_ANALYZER_NUMBER_OBJECT_CONVERSION = YES_AGGRESSIVE;
				CLANG_CXX_LANGUAGE_STANDARD = "gnu++20";
				CLANG_ENABLE_MODULES = YES;
				CLANG_ENABLE_OBJC_ARC = YES;
				CLANG_ENABLE_OBJC_WEAK = YES;
				CLANG_WARN_BLOCK_CAPTURE_AUTORELEASING = YES;
				CLANG_WARN_BOOL_CONVERSION = YES;
				CLANG_WARN_COMMA = YES;
				CLANG_WARN_CONSTANT_CONVERSION = YES;
				CLANG_WARN_DEPRECATED_OBJC_IMPLEMENTATIONS = YES;
				CLANG_WARN_DIRECT_OBJC_ISA_USAGE = YES_ERROR;
				CLANG_WARN_DOCUMENTATION_COMMENTS = YES;
				CLANG_WARN_EMPTY_BODY = YES;
				CLANG_WARN_ENUM_CONVERSION = YES;
				CLANG_WARN_INFINITE_RECURSION = YES;
				CLANG_WARN_INT_CONVERSION = YES;
				CLANG_WARN_NON_LITERAL_NULL_CONVERSION = YES;
				CLANG_WARN_OBJC_IMPLICIT_RETAIN_SELF = YES;
				CLANG_WARN_OBJC_LITERAL_CONVERSION = YES;
				CLANG_WARN_OBJC_ROOT_CLASS = YES_ERROR;
				CLANG_WARN_QUOTED_INCLUDE_IN_FRAMEWORK_HEADER = YES;
				CLANG_WARN_RANGE_LOOP_ANALYSIS = YES;
				CLANG_WARN_STRICT_PROTOTYPES = YES;
				CLANG_WARN_SUSPICIOUS_MOVE = YES;
				CLANG_WARN_UNGUARDED_AVAILABILITY = YES_AGGRESSIVE;
				CLANG_WARN_UNREACHABLE_CODE = YES;
				CLANG_WARN__DUPLICATE_METHOD_MATCH = YES;
				COPY_PHASE_STRIP = NO;
				CURRENT_PROJECT_VERSION = 1;
				DEAD_CODE_STRIPPING = YES;
				DEBUG_INFORMATION_FORMAT = dwarf;
				ENABLE_STRICT_OBJC_MSGSEND = YES;
				ENABLE_TESTABILITY = YES;
				GCC_C_LANGUAGE_STANDARD = gnu11;
				GCC_DYNAMIC_NO_PIC = NO;
				GCC_NO_COMMON_BLOCKS = YES;
				GCC_OPTIMIZATION_LEVEL = 0;
				GCC_PREPROCESSOR_DEFINITIONS = (
					"DEBUG=1",
					"$(inherited)",
				);
				GCC_WARN_64_TO_32_BIT_CONVERSION = YES;
				GCC_WARN_ABOUT_RETURN_TYPE = YES_ERROR;
				GCC_WARN_UNDECLARED_SELECTOR = YES;
				GCC_WARN_UNINITIALIZED_AUTOS = YES_AGGRESSIVE;
				GCC_WARN_UNUSED_FUNCTION = YES;
				GCC_WARN_UNUSED_VARIABLE = YES;
				MACOSX_DEPLOYMENT_TARGET = 13.0;
				MTL_ENABLE_DEBUG_INFO = INCLUDE_SOURCE;
				MTL_FAST_MATH = YES;
				ONLY_ACTIVE_ARCH = YES;
				SDKROOT = macosx;
				SWIFT_ACTIVE_COMPILATION_CONDITIONS = DEBUG;
				SWIFT_OPTIMIZATION_LEVEL = "-Onone";
				VERSIONING_SYSTEM = "apple-generic";
				VERSION_INFO_PREFIX = "";
			};
			name = Debug;
		};
		12C6CC32294751560093CADF /* Release */ = {
			isa = XCBuildConfiguration;
			buildSettings = {
				ALWAYS_SEARCH_USER_PATHS = NO;
				CLANG_ANALYZER_LOCALIZABILITY_NONLOCALIZED = YES;
				CLANG_ANALYZER_NONNULL = YES;
				CLANG_ANALYZER_NUMBER_OBJECT_CONVERSION = YES_AGGRESSIVE;
				CLANG_CXX_LANGUAGE_STANDARD = "gnu++20";
				CLANG_ENABLE_MODULES = YES;
				CLANG_ENABLE_OBJC_ARC = YES;
				CLANG_ENABLE_OBJC_WEAK = YES;
				CLANG_WARN_BLOCK_CAPTURE_AUTORELEASING = YES;
				CLANG_WARN_BOOL_CONVERSION = YES;
				CLANG_WARN_COMMA = YES;
				CLANG_WARN_CONSTANT_CONVERSION = YES;
				CLANG_WARN_DEPRECATED_OBJC_IMPLEMENTATIONS = YES;
				CLANG_WARN_DIRECT_OBJC_ISA_USAGE = YES_ERROR;
				CLANG_WARN_DOCUMENTATION_COMMENTS = YES;
				CLANG_WARN_EMPTY_BODY = YES;
				CLANG_WARN_ENUM_CONVERSION = YES;
				CLANG_WARN_INFINITE_RECURSION = YES;
				CLANG_WARN_INT_CONVERSION = YES;
				CLANG_WARN_NON_LITERAL_NULL_CONVERSION = YES;
				CLANG_WARN_OBJC_IMPLICIT_RETAIN_SELF = YES;
				CLANG_WARN_OBJC_LITERAL_CONVERSION = YES;
				CLANG_WARN_OBJC_ROOT_CLASS = YES_ERROR;
				CLANG_WARN_QUOTED_INCLUDE_IN_FRAMEWORK_HEADER = YES;
				CLANG_WARN_RANGE_LOOP_ANALYSIS = YES;
				CLANG_WARN_STRICT_PROTOTYPES = YES;
				CLANG_WARN_SUSPICIOUS_MOVE = YES;
				CLANG_WARN_UNGUARDED_AVAILABILITY = YES_AGGRESSIVE;
				CLANG_WARN_UNREACHABLE_CODE = YES;
				CLANG_WARN__DUPLICATE_METHOD_MATCH = YES;
				COPY_PHASE_STRIP = NO;
				CURRENT_PROJECT_VERSION = 1;
				DEAD_CODE_STRIPPING = YES;
				DEBUG_INFORMATION_FORMAT = "dwarf-with-dsym";
				ENABLE_NS_ASSERTIONS = NO;
				ENABLE_STRICT_OBJC_MSGSEND = YES;
				GCC_C_LANGUAGE_STANDARD = gnu11;
				GCC_NO_COMMON_BLOCKS = YES;
				GCC_WARN_64_TO_32_BIT_CONVERSION = YES;
				GCC_WARN_ABOUT_RETURN_TYPE = YES_ERROR;
				GCC_WARN_UNDECLARED_SELECTOR = YES;
				GCC_WARN_UNINITIALIZED_AUTOS = YES_AGGRESSIVE;
				GCC_WARN_UNUSED_FUNCTION = YES;
				GCC_WARN_UNUSED_VARIABLE = YES;
				MACOSX_DEPLOYMENT_TARGET = 13.0;
				MTL_ENABLE_DEBUG_INFO = NO;
				MTL_FAST_MATH = YES;
				SDKROOT = macosx;
				SWIFT_COMPILATION_MODE = wholemodule;
				SWIFT_OPTIMIZATION_LEVEL = "-O";
				VERSIONING_SYSTEM = "apple-generic";
				VERSION_INFO_PREFIX = "";
			};
			name = Release;
		};
		12C6CC34294751560093CADF /* Debug */ = {
			isa = XCBuildConfiguration;
			buildSettings = {
				CLANG_ENABLE_MODULES = YES;
				CODE_SIGN_STYLE = Automatic;
				COMBINE_HIDPI_IMAGES = YES;
				CURRENT_PROJECT_VERSION = 1;
				DEAD_CODE_STRIPPING = YES;
				DEFINES_MODULE = YES;
				DEVELOPMENT_TEAM = RPQ3VF2JBZ;
				DYLIB_COMPATIBILITY_VERSION = 1;
				DYLIB_CURRENT_VERSION = 1;
				DYLIB_INSTALL_NAME_BASE = "@rpath";
				GENERATE_INFOPLIST_FILE = YES;
				INFOPLIST_KEY_NSHumanReadableCopyright = "";
				INSTALL_PATH = "$(LOCAL_LIBRARY_DIR)/Frameworks";
				LD_RUNPATH_SEARCH_PATHS = (
					"$(inherited)",
					"@executable_path/../Frameworks",
					"@loader_path/Frameworks",
				);
				MARKETING_VERSION = 1.0;
				PRODUCT_BUNDLE_IDENTIFIER = com.mfsaglam.EssentialFeed;
				PRODUCT_NAME = "$(TARGET_NAME:c99extidentifier)";
				SKIP_INSTALL = YES;
				SUPPORTED_PLATFORMS = "macosx iphonesimulator iphoneos";
				SWIFT_EMIT_LOC_STRINGS = YES;
				SWIFT_OPTIMIZATION_LEVEL = "-Onone";
				SWIFT_VERSION = 5.0;
			};
			name = Debug;
		};
		12C6CC35294751560093CADF /* Release */ = {
			isa = XCBuildConfiguration;
			buildSettings = {
				CLANG_ENABLE_MODULES = YES;
				CODE_SIGN_STYLE = Automatic;
				COMBINE_HIDPI_IMAGES = YES;
				CURRENT_PROJECT_VERSION = 1;
				DEAD_CODE_STRIPPING = YES;
				DEFINES_MODULE = YES;
				DEVELOPMENT_TEAM = RPQ3VF2JBZ;
				DYLIB_COMPATIBILITY_VERSION = 1;
				DYLIB_CURRENT_VERSION = 1;
				DYLIB_INSTALL_NAME_BASE = "@rpath";
				GENERATE_INFOPLIST_FILE = YES;
				INFOPLIST_KEY_NSHumanReadableCopyright = "";
				INSTALL_PATH = "$(LOCAL_LIBRARY_DIR)/Frameworks";
				LD_RUNPATH_SEARCH_PATHS = (
					"$(inherited)",
					"@executable_path/../Frameworks",
					"@loader_path/Frameworks",
				);
				MARKETING_VERSION = 1.0;
				PRODUCT_BUNDLE_IDENTIFIER = com.mfsaglam.EssentialFeed;
				PRODUCT_NAME = "$(TARGET_NAME:c99extidentifier)";
				SKIP_INSTALL = YES;
				SUPPORTED_PLATFORMS = "macosx iphonesimulator iphoneos";
				SWIFT_EMIT_LOC_STRINGS = YES;
				SWIFT_VERSION = 5.0;
			};
			name = Release;
		};
		12C6CC37294751560093CADF /* Debug */ = {
			isa = XCBuildConfiguration;
			buildSettings = {
				ALWAYS_EMBED_SWIFT_STANDARD_LIBRARIES = YES;
				CLANG_ENABLE_MODULES = YES;
				CODE_SIGN_STYLE = Automatic;
				CURRENT_PROJECT_VERSION = 1;
				DEAD_CODE_STRIPPING = YES;
				DEVELOPMENT_TEAM = RPQ3VF2JBZ;
				GENERATE_INFOPLIST_FILE = YES;
				LD_RUNPATH_SEARCH_PATHS = (
					"$(inherited)",
					"@executable_path/../Frameworks",
					"@loader_path/../Frameworks",
				);
				MARKETING_VERSION = 1.0;
				PRODUCT_BUNDLE_IDENTIFIER = com.mfsaglam.EssentialFeedTests;
				PRODUCT_NAME = "$(TARGET_NAME)";
				SUPPORTED_PLATFORMS = "macosx iphoneos iphonesimulator";
				SWIFT_EMIT_LOC_STRINGS = NO;
				SWIFT_OPTIMIZATION_LEVEL = "-Onone";
				SWIFT_VERSION = 5.0;
			};
			name = Debug;
		};
		12C6CC38294751560093CADF /* Release */ = {
			isa = XCBuildConfiguration;
			buildSettings = {
				ALWAYS_EMBED_SWIFT_STANDARD_LIBRARIES = YES;
				CLANG_ENABLE_MODULES = YES;
				CODE_SIGN_STYLE = Automatic;
				CURRENT_PROJECT_VERSION = 1;
				DEAD_CODE_STRIPPING = YES;
				DEVELOPMENT_TEAM = RPQ3VF2JBZ;
				GENERATE_INFOPLIST_FILE = YES;
				LD_RUNPATH_SEARCH_PATHS = (
					"$(inherited)",
					"@executable_path/../Frameworks",
					"@loader_path/../Frameworks",
				);
				MARKETING_VERSION = 1.0;
				PRODUCT_BUNDLE_IDENTIFIER = com.mfsaglam.EssentialFeedTests;
				PRODUCT_NAME = "$(TARGET_NAME)";
				SUPPORTED_PLATFORMS = "macosx iphoneos iphonesimulator";
				SWIFT_EMIT_LOC_STRINGS = NO;
				SWIFT_VERSION = 5.0;
			};
			name = Release;
		};
		12F3CEFC2994342100ACFB72 /* Debug */ = {
			isa = XCBuildConfiguration;
			buildSettings = {
				CLANG_ENABLE_MODULES = YES;
				CODE_SIGN_STYLE = Automatic;
				CURRENT_PROJECT_VERSION = 1;
				DEFINES_MODULE = YES;
				DEVELOPMENT_TEAM = RPQ3VF2JBZ;
				DYLIB_COMPATIBILITY_VERSION = 1;
				DYLIB_CURRENT_VERSION = 1;
				DYLIB_INSTALL_NAME_BASE = "@rpath";
				GENERATE_INFOPLIST_FILE = YES;
				INFOPLIST_KEY_NSHumanReadableCopyright = "";
				INSTALL_PATH = "$(LOCAL_LIBRARY_DIR)/Frameworks";
				IPHONEOS_DEPLOYMENT_TARGET = 16.2;
				LD_RUNPATH_SEARCH_PATHS = (
					"$(inherited)",
					"@executable_path/Frameworks",
					"@loader_path/Frameworks",
				);
				MARKETING_VERSION = 1.0;
				PRODUCT_BUNDLE_IDENTIFIER = com.mfsaglam.EssentialFeediOS;
				PRODUCT_NAME = "$(TARGET_NAME:c99extidentifier)";
				SDKROOT = iphoneos;
				SKIP_INSTALL = YES;
				SWIFT_EMIT_LOC_STRINGS = YES;
				SWIFT_OPTIMIZATION_LEVEL = "-Onone";
				SWIFT_VERSION = 5.0;
				TARGETED_DEVICE_FAMILY = "1,2";
			};
			name = Debug;
		};
		12F3CEFD2994342100ACFB72 /* Release */ = {
			isa = XCBuildConfiguration;
			buildSettings = {
				CLANG_ENABLE_MODULES = YES;
				CODE_SIGN_STYLE = Automatic;
				CURRENT_PROJECT_VERSION = 1;
				DEFINES_MODULE = YES;
				DEVELOPMENT_TEAM = RPQ3VF2JBZ;
				DYLIB_COMPATIBILITY_VERSION = 1;
				DYLIB_CURRENT_VERSION = 1;
				DYLIB_INSTALL_NAME_BASE = "@rpath";
				GENERATE_INFOPLIST_FILE = YES;
				INFOPLIST_KEY_NSHumanReadableCopyright = "";
				INSTALL_PATH = "$(LOCAL_LIBRARY_DIR)/Frameworks";
				IPHONEOS_DEPLOYMENT_TARGET = 16.2;
				LD_RUNPATH_SEARCH_PATHS = (
					"$(inherited)",
					"@executable_path/Frameworks",
					"@loader_path/Frameworks",
				);
				MARKETING_VERSION = 1.0;
				PRODUCT_BUNDLE_IDENTIFIER = com.mfsaglam.EssentialFeediOS;
				PRODUCT_NAME = "$(TARGET_NAME:c99extidentifier)";
				SDKROOT = iphoneos;
				SKIP_INSTALL = YES;
				SWIFT_EMIT_LOC_STRINGS = YES;
				SWIFT_VERSION = 5.0;
				TARGETED_DEVICE_FAMILY = "1,2";
				VALIDATE_PRODUCT = YES;
			};
			name = Release;
		};
		12F3CEFE2994342100ACFB72 /* Debug */ = {
			isa = XCBuildConfiguration;
			buildSettings = {
				ALWAYS_EMBED_SWIFT_STANDARD_LIBRARIES = YES;
				CLANG_ENABLE_MODULES = YES;
				CODE_SIGN_STYLE = Automatic;
				CURRENT_PROJECT_VERSION = 1;
				DEVELOPMENT_TEAM = RPQ3VF2JBZ;
				GENERATE_INFOPLIST_FILE = YES;
				IPHONEOS_DEPLOYMENT_TARGET = 16.2;
				LD_RUNPATH_SEARCH_PATHS = (
					"$(inherited)",
					"@executable_path/Frameworks",
					"@loader_path/Frameworks",
				);
				MARKETING_VERSION = 1.0;
				PRODUCT_BUNDLE_IDENTIFIER = com.mfsaglam.EssentialFeediOSTests;
				PRODUCT_NAME = "$(TARGET_NAME)";
				SDKROOT = iphoneos;
				SWIFT_EMIT_LOC_STRINGS = NO;
				SWIFT_OPTIMIZATION_LEVEL = "-Onone";
				SWIFT_VERSION = 5.0;
				TARGETED_DEVICE_FAMILY = "1,2";
			};
			name = Debug;
		};
		12F3CEFF2994342100ACFB72 /* Release */ = {
			isa = XCBuildConfiguration;
			buildSettings = {
				ALWAYS_EMBED_SWIFT_STANDARD_LIBRARIES = YES;
				CLANG_ENABLE_MODULES = YES;
				CODE_SIGN_STYLE = Automatic;
				CURRENT_PROJECT_VERSION = 1;
				DEVELOPMENT_TEAM = RPQ3VF2JBZ;
				GENERATE_INFOPLIST_FILE = YES;
				IPHONEOS_DEPLOYMENT_TARGET = 16.2;
				LD_RUNPATH_SEARCH_PATHS = (
					"$(inherited)",
					"@executable_path/Frameworks",
					"@loader_path/Frameworks",
				);
				MARKETING_VERSION = 1.0;
				PRODUCT_BUNDLE_IDENTIFIER = com.mfsaglam.EssentialFeediOSTests;
				PRODUCT_NAME = "$(TARGET_NAME)";
				SDKROOT = iphoneos;
				SWIFT_EMIT_LOC_STRINGS = NO;
				SWIFT_VERSION = 5.0;
				TARGETED_DEVICE_FAMILY = "1,2";
				VALIDATE_PRODUCT = YES;
			};
			name = Release;
		};
/* End XCBuildConfiguration section */

/* Begin XCConfigurationList section */
		129A4D2A2960985900278DDD /* Build configuration list for PBXNativeTarget "EssentialFeedAPIEndToEndTests" */ = {
			isa = XCConfigurationList;
			buildConfigurations = (
				129A4D282960985900278DDD /* Debug */,
				129A4D292960985900278DDD /* Release */,
			);
			defaultConfigurationIsVisible = 0;
			defaultConfigurationName = Release;
		};
		12A16914298ED16F00E6EB38 /* Build configuration list for PBXNativeTarget "EssentialFeedCacheIntegrationTests" */ = {
			isa = XCConfigurationList;
			buildConfigurations = (
				12A16912298ED16F00E6EB38 /* Debug */,
				12A16913298ED16F00E6EB38 /* Release */,
			);
			defaultConfigurationIsVisible = 0;
			defaultConfigurationName = Release;
		};
		12C6CC1B294751560093CADF /* Build configuration list for PBXProject "EssentialFeed" */ = {
			isa = XCConfigurationList;
			buildConfigurations = (
				12C6CC31294751560093CADF /* Debug */,
				12C6CC32294751560093CADF /* Release */,
			);
			defaultConfigurationIsVisible = 0;
			defaultConfigurationName = Release;
		};
		12C6CC33294751560093CADF /* Build configuration list for PBXNativeTarget "EssentialFeed" */ = {
			isa = XCConfigurationList;
			buildConfigurations = (
				12C6CC34294751560093CADF /* Debug */,
				12C6CC35294751560093CADF /* Release */,
			);
			defaultConfigurationIsVisible = 0;
			defaultConfigurationName = Release;
		};
		12C6CC36294751560093CADF /* Build configuration list for PBXNativeTarget "EssentialFeedTests" */ = {
			isa = XCConfigurationList;
			buildConfigurations = (
				12C6CC37294751560093CADF /* Debug */,
				12C6CC38294751560093CADF /* Release */,
			);
			defaultConfigurationIsVisible = 0;
			defaultConfigurationName = Release;
		};
		12F3CF002994342100ACFB72 /* Build configuration list for PBXNativeTarget "EssentialFeediOS" */ = {
			isa = XCConfigurationList;
			buildConfigurations = (
				12F3CEFC2994342100ACFB72 /* Debug */,
				12F3CEFD2994342100ACFB72 /* Release */,
			);
			defaultConfigurationIsVisible = 0;
			defaultConfigurationName = Release;
		};
		12F3CF012994342100ACFB72 /* Build configuration list for PBXNativeTarget "EssentialFeediOSTests" */ = {
			isa = XCConfigurationList;
			buildConfigurations = (
				12F3CEFE2994342100ACFB72 /* Debug */,
				12F3CEFF2994342100ACFB72 /* Release */,
			);
			defaultConfigurationIsVisible = 0;
			defaultConfigurationName = Release;
		};
/* End XCConfigurationList section */

/* Begin XCVersionGroup section */
		12A168F9298E895600E6EB38 /* FeedStore.xcdatamodeld */ = {
			isa = XCVersionGroup;
			children = (
				12A168FA298E895700E6EB38 /* FeedStore.xcdatamodel */,
			);
			currentVersion = 12A168FA298E895700E6EB38 /* FeedStore.xcdatamodel */;
			path = FeedStore.xcdatamodeld;
			sourceTree = "<group>";
			versionGroupType = wrapper.xcdatamodel;
		};
/* End XCVersionGroup section */
	};
	rootObject = 12C6CC18294751560093CADF /* Project object */;
}
